// !$*UTF8*$!
{
	archiveVersion = 1;
	classes = {
	};
	objectVersion = 56;
	objects = {

/* Begin PBXBuildFile section */
		A10000010000000000000001 /* ProcessMonitorApp.swift in Sources */ = {isa = PBXBuildFile; fileRef = A10000020000000000000001; };
		A10000010000000000000002 /* Config.swift in Sources */ = {isa = PBXBuildFile; fileRef = A10000020000000000000002; };
		A10000010000000000000003 /* ProcessHealth.swift in Sources */ = {isa = PBXBuildFile; fileRef = A10000020000000000000003; };
		A10000010000000000000004 /* HealthChecker.swift in Sources */ = {isa = PBXBuildFile; fileRef = A10000020000000000000004; };
		A10000010000000000000005 /* MonitorEngine.swift in Sources */ = {isa = PBXBuildFile; fileRef = A10000020000000000000005; };
		A10000010000000000000006 /* NotificationManager.swift in Sources */ = {isa = PBXBuildFile; fileRef = A10000020000000000000006; };
/* End PBXBuildFile section */

/* Begin PBXFileReference section */
		A10000020000000000000001 /* ProcessMonitorApp.swift */ = {isa = PBXFileReference; lastKnownFileType = sourcecode.swift; path = ProcessMonitorApp.swift; sourceTree = "<group>"; };
		A10000020000000000000002 /* Config.swift */ = {isa = PBXFileReference; lastKnownFileType = sourcecode.swift; path = Config.swift; sourceTree = "<group>"; };
		A10000020000000000000003 /* ProcessHealth.swift */ = {isa = PBXFileReference; lastKnownFileType = sourcecode.swift; path = ProcessHealth.swift; sourceTree = "<group>"; };
		A10000020000000000000004 /* HealthChecker.swift */ = {isa = PBXFileReference; lastKnownFileType = sourcecode.swift; path = HealthChecker.swift; sourceTree = "<group>"; };
		A10000020000000000000005 /* MonitorEngine.swift */ = {isa = PBXFileReference; lastKnownFileType = sourcecode.swift; path = MonitorEngine.swift; sourceTree = "<group>"; };
		A10000020000000000000006 /* NotificationManager.swift */ = {isa = PBXFileReference; lastKnownFileType = sourcecode.swift; path = NotificationManager.swift; sourceTree = "<group>"; };
		A10000020000000000000007 /* Info.plist */ = {isa = PBXFileReference; lastKnownFileType = text.plist.xml; path = Info.plist; sourceTree = "<group>"; };
		A10000020000000000000008 /* ProcessMonitor.entitlements */ = {isa = PBXFileReference; lastKnownFileType = text.plist.entitlements; path = ProcessMonitor.entitlements; sourceTree = "<group>"; };
		A10000030000000000000001 /* ProcessMonitor.app */ = {isa = PBXFileReference; explicitFileType = wrapper.application; includeInIndex = 0; path = ProcessMonitor.app; sourceTree = BUILT_PRODUCTS_DIR; };
/* End PBXFileReference section */

/* Begin PBXFrameworksBuildPhase section */
		A10000040000000000000001 /* Frameworks */ = {
			isa = PBXFrameworksBuildPhase;
			buildActionMask = 2147483647;
			files = (
			);
			runOnlyForDeploymentPostprocessing = 0;
		};
/* End PBXFrameworksBuildPhase section */

/* Begin PBXGroup section */
		A10000050000000000000001 = {
			isa = PBXGroup;
			children = (
				A10000050000000000000002 /* ProcessMonitor */,
				A10000050000000000000003 /* Products */,
			);
			sourceTree = "<group>";
		};
		A10000050000000000000002 /* ProcessMonitor */ = {
			isa = PBXGroup;
			children = (
				A10000020000000000000001 /* ProcessMonitorApp.swift */,
				A10000020000000000000002 /* Config.swift */,
				A10000020000000000000003 /* ProcessHealth.swift */,
				A10000020000000000000004 /* HealthChecker.swift */,
				A10000020000000000000005 /* MonitorEngine.swift */,
				A10000020000000000000006 /* NotificationManager.swift */,
				A10000020000000000000007 /* Info.plist */,
				A10000020000000000000008 /* ProcessMonitor.entitlements */,
			);
			path = ProcessMonitor;
			sourceTree = "<group>";
		};
		A10000050000000000000003 /* Products */ = {
			isa = PBXGroup;
			children = (
				A10000030000000000000001 /* ProcessMonitor.app */,
			);
			name = Products;
			sourceTree = "<group>";
		};
/* End PBXGroup section */

/* Begin PBXNativeTarget section */
		A10000060000000000000001 /* ProcessMonitor */ = {
			isa = PBXNativeTarget;
			buildConfigurationList = A10000080000000000000001 /* Build configuration list for PBXNativeTarget "ProcessMonitor" */;
			buildPhases = (
				A10000070000000000000001 /* Sources */,
				A10000040000000000000001 /* Frameworks */,
			);
			buildRules = (
			);
			dependencies = (
			);
			name = ProcessMonitor;
			productName = ProcessMonitor;
			productReference = A10000030000000000000001 /* ProcessMonitor.app */;
			productType = "com.apple.product-type.application";
		};
/* End PBXNativeTarget section */

/* Begin PBXProject section */
		A10000090000000000000001 /* Project object */ = {
			isa = PBXProject;
			attributes = {
				BuildIndependentTargetsInParallel = 1;
				LastSwiftUpdateCheck = 1500;
				LastUpgradeCheck = 1500;
				TargetAttributes = {
					A10000060000000000000001 = {
						CreatedOnToolsVersion = 15.0;
					};
				};
			};
			buildConfigurationList = A10000080000000000000002 /* Build configuration list for PBXProject "ProcessMonitor" */;
			compatibilityVersion = "Xcode 14.0";
			developmentRegion = en;
			hasScannedForEncodings = 0;
			knownRegions = (
				en,
				Base,
			);
			mainGroup = A10000050000000000000001;
			productRefGroup = A10000050000000000000003 /* Products */;
			projectDirPath = "";
			projectRoot = "";
			targets = (
				A10000060000000000000001 /* ProcessMonitor */,
			);
		};
/* End PBXProject section */

/* Begin PBXSourcesBuildPhase section */
		A10000070000000000000001 /* Sources */ = {
			isa = PBXSourcesBuildPhase;
			buildActionMask = 2147483647;
			files = (
				A10000010000000000000001 /* ProcessMonitorApp.swift in Sources */,
				A10000010000000000000002 /* Config.swift in Sources */,
				A10000010000000000000003 /* ProcessHealth.swift in Sources */,
				A10000010000000000000004 /* HealthChecker.swift in Sources */,
				A10000010000000000000005 /* MonitorEngine.swift in Sources */,
				A10000010000000000000006 /* NotificationManager.swift in Sources */,
			);
			runOnlyForDeploymentPostprocessing = 0;
		};
/* End PBXSourcesBuildPhase section */

/* Begin XCBuildConfiguration section */
		A1000000A000000000000001 /* Debug */ = {
			isa = XCBuildConfiguration;
			buildSettings = {
				ALWAYS_SEARCH_USER_PATHS = NO;
				ASSETCATALOG_COMPILER_GENERATE_SWIFT_ASSET_SYMBOL_EXTENSIONS = YES;
				CLANG_ANALYZER_NONNULL = YES;
				CLANG_CXX_LANGUAGE_STANDARD = "gnu++20";
				CLANG_ENABLE_MODULES = YES;
				CLANG_ENABLE_OBJC_ARC = YES;
				COPY_PHASE_STRIP = NO;
				DEBUG_INFORMATION_FORMAT = dwarf;
				ENABLE_STRICT_OBJC_MSGSEND = YES;
				ENABLE_TESTABILITY = YES;
				GCC_DYNAMIC_NO_PIC = NO;
				GCC_OPTIMIZATION_LEVEL = 0;
				GCC_WARN_ABOUT_RETURN_TYPE = YES_ERROR;
				GCC_WARN_UNINITIALIZED_AUTOS = YES_AGGRESSIVE;
				MACOSX_DEPLOYMENT_TARGET = 13.0;
				MTL_ENABLE_DEBUG_INFO = INCLUDE_SOURCE;
				ONLY_ACTIVE_ARCH = YES;
				SDKROOT = macosx;
				SWIFT_ACTIVE_COMPILATION_CONDITIONS = DEBUG;
				SWIFT_OPTIMIZATION_LEVEL = "-Onone";
			};
			name = Debug;
		};
		A1000000A000000000000002 /* Release */ = {
			isa = XCBuildConfiguration;
			buildSettings = {
				ALWAYS_SEARCH_USER_PATHS = NO;
				ASSETCATALOG_COMPILER_GENERATE_SWIFT_ASSET_SYMBOL_EXTENSIONS = YES;
				CLANG_ANALYZER_NONNULL = YES;
				CLANG_CXX_LANGUAGE_STANDARD = "gnu++20";
				CLANG_ENABLE_MODULES = YES;
				CLANG_ENABLE_OBJC_ARC = YES;
				COPY_PHASE_STRIP = NO;
				DEBUG_INFORMATION_FORMAT = "dwarf-with-dsym";
				ENABLE_NS_ASSERTIONS = NO;
				ENABLE_STRICT_OBJC_MSGSEND = YES;
				GCC_WARN_ABOUT_RETURN_TYPE = YES_ERROR;
				GCC_WARN_UNINITIALIZED_AUTOS = YES_AGGRESSIVE;
				MACOSX_DEPLOYMENT_TARGET = 13.0;
				SDKROOT = macosx;
				SWIFT_COMPILATION_MODE = wholemodule;
				SWIFT_OPTIMIZATION_LEVEL = "-O";
			};
			name = Release;
		};
		A1000000A000000000000003 /* Debug */ = {
			isa = XCBuildConfiguration;
			buildSettings = {
				CODE_SIGN_ENTITLEMENTS = ProcessMonitor/ProcessMonitor.entitlements;
				CODE_SIGN_STYLE = Automatic;
				COMBINE_HIDPI_IMAGES = YES;
				CURRENT_PROJECT_VERSION = 1;
				DEVELOPMENT_TEAM = "";
				ENABLE_APP_SANDBOX = NO;
				GENERATE_INFOPLIST_FILE = YES;
				INFOPLIST_FILE = ProcessMonitor/Info.plist;
				INFOPLIST_KEY_LSUIElement = YES;
				INFOPLIST_KEY_NSHumanReadableCopyright = "";
				LD_RUNPATH_SEARCH_PATHS = (
					"$(inherited)",
					"@executable_path/../Frameworks",
				);
				MARKETING_VERSION = 1.0;
				PRODUCT_BUNDLE_IDENTIFIER = com.gabriel.ProcessMonitor;
				PRODUCT_NAME = "$(TARGET_NAME)";
				SWIFT_EMIT_LOC_STRINGS = YES;
				SWIFT_VERSION = 5.0;
			};
			name = Debug;
		};
		A1000000A000000000000004 /* Release */ = {
			isa = XCBuildConfiguration;
			buildSettings = {
				CODE_SIGN_ENTITLEMENTS = ProcessMonitor/ProcessMonitor.entitlements;
				CODE_SIGN_STYLE = Automatic;
				COMBINE_HIDPI_IMAGES = YES;
				CURRENT_PROJECT_VERSION = 1;
				DEVELOPMENT_TEAM = "";
				ENABLE_APP_SANDBOX = NO;
				GENERATE_INFOPLIST_FILE = YES;
				INFOPLIST_FILE = ProcessMonitor/Info.plist;
				INFOPLIST_KEY_LSUIElement = YES;
				INFOPLIST_KEY_NSHumanReadableCopyright = "";
				LD_RUNPATH_SEARCH_PATHS = (
					"$(inherited)",
					"@executable_path/../Frameworks",
				);
				MARKETING_VERSION = 1.0;
				PRODUCT_BUNDLE_IDENTIFIER = com.gabriel.ProcessMonitor;
				PRODUCT_NAME = "$(TARGET_NAME)";
				SWIFT_EMIT_LOC_STRINGS = YES;
				SWIFT_VERSION = 5.0;
			};
			name = Release;
		};
/* End XCBuildConfiguration section */

/* Begin XCConfigurationList section */
		A10000080000000000000001 /* Build configuration list for PBXNativeTarget "ProcessMonitor" */ = {
			isa = XCConfigurationList;
			buildConfigurations = (
				A1000000A000000000000003 /* Debug */,
				A1000000A000000000000004 /* Release */,
			);
			defaultConfigurationIsVisible = 0;
			defaultConfigurationName = Release;
		};
		A10000080000000000000002 /* Build configuration list for PBXProject "ProcessMonitor" */ = {
			isa = XCConfigurationList;
			buildConfigurations = (
				A1000000A000000000000001 /* Debug */,
				A1000000A000000000000002 /* Release */,
			);
			defaultConfigurationIsVisible = 0;
			defaultConfigurationName = Release;
		};
/* End XCConfigurationList section */

	};
	rootObject = A10000090000000000000001 /* Project object */;
}
